
Microsoft Visual Studio Solution File, Format Version 12.00
# Visual Studio Version 16
VisualStudioVersion = 16.0.29306.81
MinimumVisualStudioVersion = 10.0.40219.1
Project("{8BC9CEB8-8B4A-11D0-8D11-00A0C91BC942}") = "Double-linked-list", "Double-linked-list\Double-linked-list.vcxproj", "{881F7BBF-B717-4700-A207-1490412E17CB}"
EndProject
Global
	GlobalSection(SolutionConfigurationPlatforms) = preSolution
		Debug|x64 = Debug|x64
		Debug|x86 = Debug|x86
		Release|x64 = Release|x64
		Release|x86 = Release|x86
	EndGlobalSection
	GlobalSection(ProjectConfigurationPlatforms) = postSolution
		{881F7BBF-B717-4700-A207-1490412E17CB}.Debug|x64.ActiveCfg = Debug|x64
		{881F7BBF-B717-4700-A207-1490412E17CB}.Debug|x64.Build.0 = Debug|x64
		{881F7BBF-B717-4700-A207-1490412E17CB}.Debug|x86.ActiveCfg = Debug|Win32
		{881F7BBF-B717-4700-A207-1490412E17CB}.Debug|x86.Build.0 = Debug|Win32
		{881F7BBF-B717-4700-A207-1490412E17CB}.Release|x64.ActiveCfg = Release|x64
		{881F7BBF-B717-4700-A207-1490412E17CB}.Release|x64.Build.0 = Release|x64
		{881F7BBF-B717-4700-A207-1490412E17CB}.Release|x86.ActiveCfg = Release|Win32
		{881F7BBF-B717-4700-A207-1490412E17CB}.Release|x86.Build.0 = Release|Win32
	EndGlobalSection
	GlobalSection(SolutionProperties) = preSolution
		HideSolutionNode = FALSE
	EndGlobalSection
	GlobalSection(ExtensibilityGlobals) = postSolution
		SolutionGuid = {088027D9-7A09-47DC-8781-DCB9BCB13C65}
	EndGlobalSection
EndGlobal
